
Microsoft Visual Studio Solution File, Format Version 12.00
# Visual Studio Version 17
VisualStudioVersion = 17.2.32630.192
MinimumVisualStudioVersion = 10.0.40219.1
Project("{FAE04EC0-301F-11D3-BF4B-00C04F79EFBC}") = "DataTypes", "DataTypes\DataTypes.csproj", "{89D7EECF-AC2A-4A91-8096-31FE0E5A31F9}"
EndProject
Global
	GlobalSection(SolutionConfigurationPlatforms) = preSolution
		Debug|Any CPU = Debug|Any CPU
		Release|Any CPU = Release|Any CPU
	EndGlobalSection
	GlobalSection(ProjectConfigurationPlatforms) = postSolution
		{89D7EECF-AC2A-4A91-8096-31FE0E5A31F9}.Debug|Any CPU.ActiveCfg = Debug|Any CPU
		{89D7EECF-AC2A-4A91-8096-31FE0E5A31F9}.Debug|Any CPU.Build.0 = Debug|Any CPU
		{89D7EECF-AC2A-4A91-8096-31FE0E5A31F9}.Release|Any CPU.ActiveCfg = Release|Any CPU
		{89D7EECF-AC2A-4A91-8096-31FE0E5A31F9}.Release|Any CPU.Build.0 = Release|Any CPU
	EndGlobalSection
	GlobalSection(SolutionProperties) = preSolution
		HideSolutionNode = FALSE
	EndGlobalSection
	GlobalSection(ExtensibilityGlobals) = postSolution
		SolutionGuid = {D3DEA61D-CC52-4D98-9CFA-0291E96711A1}
	EndGlobalSection
EndGlobal
